
Microsoft Visual Studio Solution File, Format Version 12.00
# Visual Studio Version 16
VisualStudioVersion = 16.0.29411.108
MinimumVisualStudioVersion = 10.0.40219.1
Project("{9A19103F-16F7-4668-BE54-9A1E7A4F7556}") = "NetCoreAngular", "WebApplication1\NetCoreAngular.csproj", "{D9501963-5334-4A2D-98E6-7D0BAF9077E1}"
EndProject
Global
	GlobalSection(SolutionConfigurationPlatforms) = preSolution
		Debug|Any CPU = Debug|Any CPU
		Release|Any CPU = Release|Any CPU
	EndGlobalSection
	GlobalSection(ProjectConfigurationPlatforms) = postSolution
		{D9501963-5334-4A2D-98E6-7D0BAF9077E1}.Debug|Any CPU.ActiveCfg = Debug|Any CPU
		{D9501963-5334-4A2D-98E6-7D0BAF9077E1}.Debug|Any CPU.Build.0 = Debug|Any CPU
		{D9501963-5334-4A2D-98E6-7D0BAF9077E1}.Release|Any CPU.ActiveCfg = Release|Any CPU
		{D9501963-5334-4A2D-98E6-7D0BAF9077E1}.Release|Any CPU.Build.0 = Release|Any CPU
	EndGlobalSection
	GlobalSection(SolutionProperties) = preSolution
		HideSolutionNode = FALSE
	EndGlobalSection
	GlobalSection(ExtensibilityGlobals) = postSolution
		SolutionGuid = {6D52E8A5-D5F1-41B6-9268-DFE16B0C922D}
	EndGlobalSection
EndGlobal
